
Microsoft Visual Studio Solution File, Format Version 12.00
# Visual Studio Version 17
VisualStudioVersion = 17.1.32328.378
MinimumVisualStudioVersion = 10.0.40219.1
Project("{FAE04EC0-301F-11D3-BF4B-00C04F79EFBC}") = "WorkScheduleSolution", "WorkScheduleSolution.csproj", "{E1A2B00D-BB2B-4501-BE8F-9957DC0E3A84}"
EndProject
Global
	GlobalSection(SolutionConfigurationPlatforms) = preSolution
		Debug|Any CPU = Debug|Any CPU
		Release|Any CPU = Release|Any CPU
	EndGlobalSection
	GlobalSection(ProjectConfigurationPlatforms) = postSolution
		{E1A2B00D-BB2B-4501-BE8F-9957DC0E3A84}.Debug|Any CPU.ActiveCfg = Debug|Any CPU
		{E1A2B00D-BB2B-4501-BE8F-9957DC0E3A84}.Debug|Any CPU.Build.0 = Debug|Any CPU
		{E1A2B00D-BB2B-4501-BE8F-9957DC0E3A84}.Release|Any CPU.ActiveCfg = Release|Any CPU
		{E1A2B00D-BB2B-4501-BE8F-9957DC0E3A84}.Release|Any CPU.Build.0 = Release|Any CPU
	EndGlobalSection
	GlobalSection(SolutionProperties) = preSolution
		HideSolutionNode = FALSE
	EndGlobalSection
	GlobalSection(ExtensibilityGlobals) = postSolution
		SolutionGuid = {742BCB4A-4AE7-4E9C-95CC-0A10350D93A9}
	EndGlobalSection
EndGlobal
